
Microsoft Visual Studio Solution File, Format Version 12.00
# Visual Studio 15
VisualStudioVersion = 15.0.28124.53
MinimumVisualStudioVersion = 10.0.40219.1
Project("{FAE04EC0-301F-11D3-BF4B-00C04F79EFBC}") = "blazor", "blazor\blazor.csproj", "{FCE99765-9552-4153-A6A0-1BD13CC26EDE}"
EndProject
Global
	GlobalSection(SolutionConfigurationPlatforms) = preSolution
		Debug|Any CPU = Debug|Any CPU
		Release|Any CPU = Release|Any CPU
	EndGlobalSection
	GlobalSection(ProjectConfigurationPlatforms) = postSolution
		{FCE99765-9552-4153-A6A0-1BD13CC26EDE}.Debug|Any CPU.ActiveCfg = Debug|Any CPU
		{FCE99765-9552-4153-A6A0-1BD13CC26EDE}.Debug|Any CPU.Build.0 = Debug|Any CPU
		{FCE99765-9552-4153-A6A0-1BD13CC26EDE}.Release|Any CPU.ActiveCfg = Release|Any CPU
		{FCE99765-9552-4153-A6A0-1BD13CC26EDE}.Release|Any CPU.Build.0 = Release|Any CPU
	EndGlobalSection
	GlobalSection(SolutionProperties) = preSolution
		HideSolutionNode = FALSE
	EndGlobalSection
	GlobalSection(ExtensibilityGlobals) = postSolution
		SolutionGuid = {60494E72-7F42-456A-8C5D-CD531ED70B46}
	EndGlobalSection
EndGlobal
